
Microsoft Visual Studio Solution File, Format Version 12.00
# Visual Studio Version 17
VisualStudioVersion = 17.1.32210.238
MinimumVisualStudioVersion = 10.0.40219.1
Project("{FAE04EC0-301F-11D3-BF4B-00C04F79EFBC}") = "RawBot", "RawBot\RawBot.csproj", "{92C79F79-49D1-4C5E-B3A8-0AB535AA428E}"
EndProject
Global
	GlobalSection(SolutionConfigurationPlatforms) = preSolution
		Debug|Any CPU = Debug|Any CPU
		Release|Any CPU = Release|Any CPU
	EndGlobalSection
	GlobalSection(ProjectConfigurationPlatforms) = postSolution
		{92C79F79-49D1-4C5E-B3A8-0AB535AA428E}.Debug|Any CPU.ActiveCfg = Debug|Any CPU
		{92C79F79-49D1-4C5E-B3A8-0AB535AA428E}.Debug|Any CPU.Build.0 = Debug|Any CPU
		{92C79F79-49D1-4C5E-B3A8-0AB535AA428E}.Release|Any CPU.ActiveCfg = Release|Any CPU
		{92C79F79-49D1-4C5E-B3A8-0AB535AA428E}.Release|Any CPU.Build.0 = Release|Any CPU
	EndGlobalSection
	GlobalSection(SolutionProperties) = preSolution
		HideSolutionNode = FALSE
	EndGlobalSection
	GlobalSection(ExtensibilityGlobals) = postSolution
		SolutionGuid = {D46E472C-CA32-48DC-842C-B8E10BE761CA}
	EndGlobalSection
EndGlobal
